
Microsoft Visual Studio Solution File, Format Version 12.00
# Visual Studio Version 16
VisualStudioVersion = 16.0.29318.209
MinimumVisualStudioVersion = 10.0.40219.1
Project("{9A19103F-16F7-4668-BE54-9A1E7A4F7556}") = "MIA", "MIA\MIA.csproj", "{2A7EA7A1-3167-426E-88FD-BB8575D658DC}"
EndProject
Project("{9A19103F-16F7-4668-BE54-9A1E7A4F7556}") = "MIA.Models", "MIA.Models\MIA.Models.csproj", "{286DA84F-07D9-4E7D-9812-D375691FA038}"
EndProject
Project("{9A19103F-16F7-4668-BE54-9A1E7A4F7556}") = "MIA.ORMContext", "MIA.ORMContext\MIA.ORMContext.csproj", "{8695A838-3D50-4272-9B94-9042B1DB40B1}"
EndProject
Project("{9A19103F-16F7-4668-BE54-9A1E7A4F7556}") = "MIA.Infrastructure", "MIA.Infrastructure\MIA.Infrastructure.csproj", "{879B971A-A897-49EC-A1FE-7A5072C91A28}"
EndProject
Project("{2150E333-8FDC-42A3-9474-1A3956D46DE8}") = "00-Documents", "00-Documents", "{0BA50D2D-E60A-4CFC-88D4-41CEEE8D8068}"
	ProjectSection(SolutionItems) = preProject
		MIA\MigrationCommands.txt = MIA\MigrationCommands.txt
	EndProjectSection
EndProject
Project("{2150E333-8FDC-42A3-9474-1A3956D46DE8}") = "01-Infrastructure", "01-Infrastructure", "{95C4E7AB-267D-42B1-A605-662E5D583033}"
EndProject
Project("{2150E333-8FDC-42A3-9474-1A3956D46DE8}") = "02-Domain", "02-Domain", "{24B89394-AFC2-4375-A954-4E3A8C3B85CB}"
EndProject
Project("{2150E333-8FDC-42A3-9474-1A3956D46DE8}") = "04-Presentation", "04-Presentation", "{22992398-10DC-4C50-829F-CE88C5CD77B2}"
EndProject
Project("{2150E333-8FDC-42A3-9474-1A3956D46DE8}") = "05-Tests", "05-Tests", "{1E2DCA29-108D-4186-94A6-BF069C5B32F8}"
EndProject
Project("{9A19103F-16F7-4668-BE54-9A1E7A4F7556}") = "MIA.Authorization", "MIA.Authorization\MIA.Authorization.csproj", "{DB922ADC-6957-4A7D-AA4F-97145C0DD06D}"
EndProject
Project("{2150E333-8FDC-42A3-9474-1A3956D46DE8}") = "03-Integrations", "03-Integrations", "{4947ED13-93BD-46F7-93BF-7197F6C14522}"
EndProject
Project("{9A19103F-16F7-4668-BE54-9A1E7A4F7556}") = "MIA.Payments", "MIA.Payments\MIA.Payments.csproj", "{9CAD2D35-569C-424C-8398-BA46562503D6}"
EndProject
Project("{9A19103F-16F7-4668-BE54-9A1E7A4F7556}") = "MIA.TemplateParser", "MIA.TemplateParser\MIA.TemplateParser.csproj", "{92134996-17AC-4B90-AC98-911FF4DCD1B3}"
EndProject
Project("{9A19103F-16F7-4668-BE54-9A1E7A4F7556}") = "MIA.Administration", "MIA.Administration\MIA.Administration.csproj", "{2A38C867-EE01-472F-8D84-B6179A842600}"
EndProject
Project("{9A19103F-16F7-4668-BE54-9A1E7A4F7556}") = "MIA.Mvc.Core", "MIA.Mvc.Core\MIA.Mvc.Core.csproj", "{4C2A8027-5D1A-4307-86D9-E52179DD4808}"
EndProject
Project("{FAE04EC0-301F-11D3-BF4B-00C04F79EFBC}") = "MIA.Tests", "MIA.Tests\MIA.Tests.csproj", "{E948F5E2-566A-4077-8171-8AE8B98115AA}"
EndProject
Global
	GlobalSection(SolutionConfigurationPlatforms) = preSolution
		Debug|Any CPU = Debug|Any CPU
		Release|Any CPU = Release|Any CPU
	EndGlobalSection
	GlobalSection(ProjectConfigurationPlatforms) = postSolution
		{2A7EA7A1-3167-426E-88FD-BB8575D658DC}.Debug|Any CPU.ActiveCfg = Debug|Any CPU
		{2A7EA7A1-3167-426E-88FD-BB8575D658DC}.Debug|Any CPU.Build.0 = Debug|Any CPU
		{2A7EA7A1-3167-426E-88FD-BB8575D658DC}.Release|Any CPU.ActiveCfg = Release|Any CPU
		{2A7EA7A1-3167-426E-88FD-BB8575D658DC}.Release|Any CPU.Build.0 = Release|Any CPU
		{286DA84F-07D9-4E7D-9812-D375691FA038}.Debug|Any CPU.ActiveCfg = Debug|Any CPU
		{286DA84F-07D9-4E7D-9812-D375691FA038}.Debug|Any CPU.Build.0 = Debug|Any CPU
		{286DA84F-07D9-4E7D-9812-D375691FA038}.Release|Any CPU.ActiveCfg = Release|Any CPU
		{286DA84F-07D9-4E7D-9812-D375691FA038}.Release|Any CPU.Build.0 = Release|Any CPU
		{8695A838-3D50-4272-9B94-9042B1DB40B1}.Debug|Any CPU.ActiveCfg = Debug|Any CPU
		{8695A838-3D50-4272-9B94-9042B1DB40B1}.Debug|Any CPU.Build.0 = Debug|Any CPU
		{8695A838-3D50-4272-9B94-9042B1DB40B1}.Release|Any CPU.ActiveCfg = Release|Any CPU
		{8695A838-3D50-4272-9B94-9042B1DB40B1}.Release|Any CPU.Build.0 = Release|Any CPU
		{879B971A-A897-49EC-A1FE-7A5072C91A28}.Debug|Any CPU.ActiveCfg = Debug|Any CPU
		{879B971A-A897-49EC-A1FE-7A5072C91A28}.Debug|Any CPU.Build.0 = Debug|Any CPU
		{879B971A-A897-49EC-A1FE-7A5072C91A28}.Release|Any CPU.ActiveCfg = Release|Any CPU
		{879B971A-A897-49EC-A1FE-7A5072C91A28}.Release|Any CPU.Build.0 = Release|Any CPU
		{DB922ADC-6957-4A7D-AA4F-97145C0DD06D}.Debug|Any CPU.ActiveCfg = Debug|Any CPU
		{DB922ADC-6957-4A7D-AA4F-97145C0DD06D}.Debug|Any CPU.Build.0 = Debug|Any CPU
		{DB922ADC-6957-4A7D-AA4F-97145C0DD06D}.Release|Any CPU.ActiveCfg = Release|Any CPU
		{DB922ADC-6957-4A7D-AA4F-97145C0DD06D}.Release|Any CPU.Build.0 = Release|Any CPU
		{9CAD2D35-569C-424C-8398-BA46562503D6}.Debug|Any CPU.ActiveCfg = Debug|Any CPU
		{9CAD2D35-569C-424C-8398-BA46562503D6}.Debug|Any CPU.Build.0 = Debug|Any CPU
		{9CAD2D35-569C-424C-8398-BA46562503D6}.Release|Any CPU.ActiveCfg = Release|Any CPU
		{9CAD2D35-569C-424C-8398-BA46562503D6}.Release|Any CPU.Build.0 = Release|Any CPU
		{92134996-17AC-4B90-AC98-911FF4DCD1B3}.Debug|Any CPU.ActiveCfg = Debug|Any CPU
		{92134996-17AC-4B90-AC98-911FF4DCD1B3}.Debug|Any CPU.Build.0 = Debug|Any CPU
		{92134996-17AC-4B90-AC98-911FF4DCD1B3}.Release|Any CPU.ActiveCfg = Release|Any CPU
		{92134996-17AC-4B90-AC98-911FF4DCD1B3}.Release|Any CPU.Build.0 = Release|Any CPU
		{2A38C867-EE01-472F-8D84-B6179A842600}.Debug|Any CPU.ActiveCfg = Debug|Any CPU
		{2A38C867-EE01-472F-8D84-B6179A842600}.Debug|Any CPU.Build.0 = Debug|Any CPU
		{2A38C867-EE01-472F-8D84-B6179A842600}.Release|Any CPU.ActiveCfg = Release|Any CPU
		{2A38C867-EE01-472F-8D84-B6179A842600}.Release|Any CPU.Build.0 = Release|Any CPU
		{4C2A8027-5D1A-4307-86D9-E52179DD4808}.Debug|Any CPU.ActiveCfg = Debug|Any CPU
		{4C2A8027-5D1A-4307-86D9-E52179DD4808}.Debug|Any CPU.Build.0 = Debug|Any CPU
		{4C2A8027-5D1A-4307-86D9-E52179DD4808}.Release|Any CPU.ActiveCfg = Release|Any CPU
		{4C2A8027-5D1A-4307-86D9-E52179DD4808}.Release|Any CPU.Build.0 = Release|Any CPU
		{E948F5E2-566A-4077-8171-8AE8B98115AA}.Debug|Any CPU.ActiveCfg = Debug|Any CPU
		{E948F5E2-566A-4077-8171-8AE8B98115AA}.Debug|Any CPU.Build.0 = Debug|Any CPU
		{E948F5E2-566A-4077-8171-8AE8B98115AA}.Release|Any CPU.ActiveCfg = Release|Any CPU
		{E948F5E2-566A-4077-8171-8AE8B98115AA}.Release|Any CPU.Build.0 = Release|Any CPU
	EndGlobalSection
	GlobalSection(SolutionProperties) = preSolution
		HideSolutionNode = FALSE
	EndGlobalSection
	GlobalSection(NestedProjects) = preSolution
		{2A7EA7A1-3167-426E-88FD-BB8575D658DC} = {22992398-10DC-4C50-829F-CE88C5CD77B2}
		{286DA84F-07D9-4E7D-9812-D375691FA038} = {24B89394-AFC2-4375-A954-4E3A8C3B85CB}
		{8695A838-3D50-4272-9B94-9042B1DB40B1} = {24B89394-AFC2-4375-A954-4E3A8C3B85CB}
		{879B971A-A897-49EC-A1FE-7A5072C91A28} = {95C4E7AB-267D-42B1-A605-662E5D583033}
		{DB922ADC-6957-4A7D-AA4F-97145C0DD06D} = {24B89394-AFC2-4375-A954-4E3A8C3B85CB}
		{9CAD2D35-569C-424C-8398-BA46562503D6} = {4947ED13-93BD-46F7-93BF-7197F6C14522}
		{92134996-17AC-4B90-AC98-911FF4DCD1B3} = {95C4E7AB-267D-42B1-A605-662E5D583033}
		{2A38C867-EE01-472F-8D84-B6179A842600} = {22992398-10DC-4C50-829F-CE88C5CD77B2}
		{4C2A8027-5D1A-4307-86D9-E52179DD4808} = {95C4E7AB-267D-42B1-A605-662E5D583033}
		{E948F5E2-566A-4077-8171-8AE8B98115AA} = {1E2DCA29-108D-4186-94A6-BF069C5B32F8}
	EndGlobalSection
	GlobalSection(ExtensibilityGlobals) = postSolution
		SolutionGuid = {36FD169F-A425-4B2B-906C-CEAC1BA75296}
	EndGlobalSection
EndGlobal
